
Microsoft Visual Studio Solution File, Format Version 12.00
# Visual Studio Version 17
VisualStudioVersion = 17.4.33205.214
MinimumVisualStudioVersion = 10.0.40219.1
Project("{FAE04EC0-301F-11D3-BF4B-00C04F79EFBC}") = "ECommerce", "ECommerce\ECommerce.csproj", "{39841B87-BD05-4C77-AB42-E7A9432D7062}"
EndProject
Global
	GlobalSection(SolutionConfigurationPlatforms) = preSolution
		Debug|Any CPU = Debug|Any CPU
		Release|Any CPU = Release|Any CPU
	EndGlobalSection
	GlobalSection(ProjectConfigurationPlatforms) = postSolution
		{39841B87-BD05-4C77-AB42-E7A9432D7062}.Debug|Any CPU.ActiveCfg = Debug|Any CPU
		{39841B87-BD05-4C77-AB42-E7A9432D7062}.Debug|Any CPU.Build.0 = Debug|Any CPU
		{39841B87-BD05-4C77-AB42-E7A9432D7062}.Release|Any CPU.ActiveCfg = Release|Any CPU
		{39841B87-BD05-4C77-AB42-E7A9432D7062}.Release|Any CPU.Build.0 = Release|Any CPU
	EndGlobalSection
	GlobalSection(SolutionProperties) = preSolution
		HideSolutionNode = FALSE
	EndGlobalSection
	GlobalSection(ExtensibilityGlobals) = postSolution
		SolutionGuid = {D20FFAFF-0AA9-4B98-850D-F4811531181E}
	EndGlobalSection
EndGlobal
